Microsoft Visual Studio Solution File, Format Version 12.00
# Visual Studio Version 17
VisualStudioVersion = 17.5.2.0
MinimumVisualStudioVersion = 10.0.40219.1
Project("{FAE04EC0-301F-11D3-BF4B-00C04F79EFBC}") = "TodoApp", "TodoApp\TodoApp.csproj", "{5480FAA2-4085-4140-B92A-C61C23E9C67A}"
EndProject
Project("{FAE04EC0-301F-11D3-BF4B-00C04F79EFBC}") = "TodoApp.Tests", "TodoApp.Tests\TodoApp.Tests.csproj", "{34976DEE-E725-4E27-B6E1-370F98EE9F3A}"
EndProject
Global
	GlobalSection(SolutionConfigurationPlatforms) = preSolution
		Debug|Any CPU = Debug|Any CPU
		Release|Any CPU = Release|Any CPU
	EndGlobalSection
	GlobalSection(ProjectConfigurationPlatforms) = postSolution
		{5480FAA2-4085-4140-B92A-C61C23E9C67A}.Debug|Any CPU.ActiveCfg = Debug|Any CPU
		{5480FAA2-4085-4140-B92A-C61C23E9C67A}.Debug|Any CPU.Build.0 = Debug|Any CPU
		{5480FAA2-4085-4140-B92A-C61C23E9C67A}.Release|Any CPU.ActiveCfg = Release|Any CPU
		{5480FAA2-4085-4140-B92A-C61C23E9C67A}.Release|Any CPU.Build.0 = Release|Any CPU
		{34976DEE-E725-4E27-B6E1-370F98EE9F3A}.Debug|Any CPU.ActiveCfg = Debug|Any CPU
		{34976DEE-E725-4E27-B6E1-370F98EE9F3A}.Debug|Any CPU.Build.0 = Debug|Any CPU
		{34976DEE-E725-4E27-B6E1-370F98EE9F3A}.Release|Any CPU.ActiveCfg = Release|Any CPU
		{34976DEE-E725-4E27-B6E1-370F98EE9F3A}.Release|Any CPU.Build.0 = Release|Any CPU
	EndGlobalSection
	GlobalSection(SolutionProperties) = preSolution
		HideSolutionNode = FALSE
	EndGlobalSection
	GlobalSection(ExtensibilityGlobals) = postSolution
		SolutionGuid = {577B7479-1E33-49EF-A78A-BCCF9AA2DF90}
	EndGlobalSection
EndGlobal
